
Microsoft Visual Studio Solution File, Format Version 12.00
Project("{FAE04EC0-301F-11D3-BF4B-00C04F79EFBC}") = "CustomBeatmaps", "CustomBeatmaps\CustomBeatmaps.csproj", "{31ED9DAC-A089-4FC3-975C-1B53EAD49E92}"
EndProject
Global
	GlobalSection(SolutionConfigurationPlatforms) = preSolution
		Debug|Any CPU = Debug|Any CPU
		Release|Any CPU = Release|Any CPU
	EndGlobalSection
	GlobalSection(ProjectConfigurationPlatforms) = postSolution
		{31ED9DAC-A089-4FC3-975C-1B53EAD49E92}.Debug|Any CPU.ActiveCfg = Debug|Any CPU
		{31ED9DAC-A089-4FC3-975C-1B53EAD49E92}.Debug|Any CPU.Build.0 = Debug|Any CPU
		{31ED9DAC-A089-4FC3-975C-1B53EAD49E92}.Release|Any CPU.ActiveCfg = Release|Any CPU
		{31ED9DAC-A089-4FC3-975C-1B53EAD49E92}.Release|Any CPU.Build.0 = Release|Any CPU
	EndGlobalSection
EndGlobal
